
Microsoft Visual Studio Solution File, Format Version 12.00
# Visual Studio Version 17
VisualStudioVersion = 17.9.34902.65
MinimumVisualStudioVersion = 10.0.40219.1
Project("{FAE04EC0-301F-11D3-BF4B-00C04F79EFBC}") = "rentDresses", "rentDresses\rentDresses.csproj", "{C040F9F3-FFB3-4433-89DC-0496706369D4}"
EndProject
Global
	GlobalSection(SolutionConfigurationPlatforms) = preSolution
		Debug|Any CPU = Debug|Any CPU
		Release|Any CPU = Release|Any CPU
	EndGlobalSection
	GlobalSection(ProjectConfigurationPlatforms) = postSolution
		{C040F9F3-FFB3-4433-89DC-0496706369D4}.Debug|Any CPU.ActiveCfg = Debug|Any CPU
		{C040F9F3-FFB3-4433-89DC-0496706369D4}.Debug|Any CPU.Build.0 = Debug|Any CPU
		{C040F9F3-FFB3-4433-89DC-0496706369D4}.Release|Any CPU.ActiveCfg = Release|Any CPU
		{C040F9F3-FFB3-4433-89DC-0496706369D4}.Release|Any CPU.Build.0 = Release|Any CPU
	EndGlobalSection
	GlobalSection(SolutionProperties) = preSolution
		HideSolutionNode = FALSE
	EndGlobalSection
	GlobalSection(ExtensibilityGlobals) = postSolution
		SolutionGuid = {3963143D-9635-44E2-8BDF-AC44BAEB1F9B}
	EndGlobalSection
EndGlobal
