
Microsoft Visual Studio Solution File, Format Version 12.00
# Visual Studio Version 17
VisualStudioVersion = 17.6.33815.320
MinimumVisualStudioVersion = 10.0.40219.1
Project("{FAE04EC0-301F-11D3-BF4B-00C04F79EFBC}") = "RentDress.Api", "..\RentDress\RentDress.Api\RentDress.Api.csproj", "{5B237D1E-86DF-49E2-89FE-DACDCA8DACF8}"
EndProject
Project("{FAE04EC0-301F-11D3-BF4B-00C04F79EFBC}") = "RentDress.Service", "..\RentDress\RentDress.Service\RentDress.Service.csproj", "{8A205D1E-4798-4596-9873-01D03229996E}"
EndProject
Project("{FAE04EC0-301F-11D3-BF4B-00C04F79EFBC}") = "RentDress.Data", "..\RentDress\RentDress.Data\RentDress.Data.csproj", "{F3153137-5F44-4880-81E3-25B556D53F56}"
EndProject
Project("{FAE04EC0-301F-11D3-BF4B-00C04F79EFBC}") = "RentDress.Core", "..\RentDress\RentDress.Core\RentDress.Core.csproj", "{0042D09A-6F4F-40FC-A253-1C8B3580B83E}"
EndProject
Global
	GlobalSection(SolutionConfigurationPlatforms) = preSolution
		Debug|Any CPU = Debug|Any CPU
		Release|Any CPU = Release|Any CPU
	EndGlobalSection
	GlobalSection(ProjectConfigurationPlatforms) = postSolution
		{5B237D1E-86DF-49E2-89FE-DACDCA8DACF8}.Debug|Any CPU.ActiveCfg = Debug|Any CPU
		{5B237D1E-86DF-49E2-89FE-DACDCA8DACF8}.Debug|Any CPU.Build.0 = Debug|Any CPU
		{5B237D1E-86DF-49E2-89FE-DACDCA8DACF8}.Release|Any CPU.ActiveCfg = Release|Any CPU
		{5B237D1E-86DF-49E2-89FE-DACDCA8DACF8}.Release|Any CPU.Build.0 = Release|Any CPU
		{8A205D1E-4798-4596-9873-01D03229996E}.Debug|Any CPU.ActiveCfg = Debug|Any CPU
		{8A205D1E-4798-4596-9873-01D03229996E}.Debug|Any CPU.Build.0 = Debug|Any CPU
		{8A205D1E-4798-4596-9873-01D03229996E}.Release|Any CPU.ActiveCfg = Release|Any CPU
		{8A205D1E-4798-4596-9873-01D03229996E}.Release|Any CPU.Build.0 = Release|Any CPU
		{F3153137-5F44-4880-81E3-25B556D53F56}.Debug|Any CPU.ActiveCfg = Debug|Any CPU
		{F3153137-5F44-4880-81E3-25B556D53F56}.Debug|Any CPU.Build.0 = Debug|Any CPU
		{F3153137-5F44-4880-81E3-25B556D53F56}.Release|Any CPU.ActiveCfg = Release|Any CPU
		{F3153137-5F44-4880-81E3-25B556D53F56}.Release|Any CPU.Build.0 = Release|Any CPU
		{0042D09A-6F4F-40FC-A253-1C8B3580B83E}.Debug|Any CPU.ActiveCfg = Debug|Any CPU
		{0042D09A-6F4F-40FC-A253-1C8B3580B83E}.Debug|Any CPU.Build.0 = Debug|Any CPU
		{0042D09A-6F4F-40FC-A253-1C8B3580B83E}.Release|Any CPU.ActiveCfg = Release|Any CPU
		{0042D09A-6F4F-40FC-A253-1C8B3580B83E}.Release|Any CPU.Build.0 = Release|Any CPU
	EndGlobalSection
	GlobalSection(SolutionProperties) = preSolution
		HideSolutionNode = FALSE
	EndGlobalSection
	GlobalSection(ExtensibilityGlobals) = postSolution
		SolutionGuid = {C4074E68-EA26-4630-AEB5-C4A41CBCA894}
	EndGlobalSection
EndGlobal
